// !$*UTF8*$!
{
	archiveVersion = 1;
	classes = {
	};
	objectVersion = 46;
	objects = {

/* Begin PBXBuildFile section */
		8EA203871F475DD9001BEBD1 /* AppDelegate.swift in Sources */ = {isa = PBXBuildFile; fileRef = 8EA203861F475DD9001BEBD1 /* AppDelegate.swift */; };
		8EA203891F475DD9001BEBD1 /* ViewController.swift in Sources */ = {isa = PBXBuildFile; fileRef = 8EA203881F475DD9001BEBD1 /* ViewController.swift */; };
		8EA2038C1F475DD9001BEBD1 /* Main.storyboard in Resources */ = {isa = PBXBuildFile; fileRef = 8EA2038A1F475DD9001BEBD1 /* Main.storyboard */; };
		8EA2038E1F475DD9001BEBD1 /* Assets.xcassets in Resources */ = {isa = PBXBuildFile; fileRef = 8EA2038D1F475DD9001BEBD1 /* Assets.xcassets */; };
		8EA203911F475DD9001BEBD1 /* LaunchScreen.storyboard in Resources */ = {isa = PBXBuildFile; fileRef = 8EA2038F1F475DD9001BEBD1 /* LaunchScreen.storyboard */; };
		8EA2039C1F475DDA001BEBD1 /* ForTestingTests.swift in Sources */ = {isa = PBXBuildFile; fileRef = 8EA2039B1F475DDA001BEBD1 /* ForTestingTests.swift */; };
		8EA203A71F475DDA001BEBD1 /* ForTestingUITests.swift in Sources */ = {isa = PBXBuildFile; fileRef = 8EA203A61F475DDA001BEBD1 /* ForTestingUITests.swift */; };
/* End PBXBuildFile section */

/* Begin PBXContainerItemProxy section */
		8EA203981F475DDA001BEBD1 /* PBXContainerItemProxy */ = {
			isa = PBXContainerItemProxy;
			containerPortal = 8EA2037B1F475DD9001BEBD1 /* Project object */;
			proxyType = 1;
			remoteGlobalIDString = 8EA203821F475DD9001BEBD1;
			remoteInfo = ForTesting;
		};
		8EA203A31F475DDA001BEBD1 /* PBXContainerItemProxy */ = {
			isa = PBXContainerItemProxy;
			containerPortal = 8EA2037B1F475DD9001BEBD1 /* Project object */;
			proxyType = 1;
			remoteGlobalIDString = 8EA203821F475DD9001BEBD1;
			remoteInfo = ForTesting;
		};
/* End PBXContainerItemProxy section */

/* Begin PBXFileReference section */
		8EA203831F475DD9001BEBD1 /* ForTesting.app */ = {isa = PBXFileReference; explicitFileType = wrapper.application; includeInIndex = 0; path = ForTesting.app; sourceTree = BUILT_PRODUCTS_DIR; };
		8EA203861F475DD9001BEBD1 /* AppDelegate.swift */ = {isa = PBXFileReference; lastKnownFileType = sourcecode.swift; path = AppDelegate.swift; sourceTree = "<group>"; };
		8EA203881F475DD9001BEBD1 /* ViewController.swift */ = {isa = PBXFileReference; lastKnownFileType = sourcecode.swift; path = ViewController.swift; sourceTree = "<group>"; };
		8EA2038B1F475DD9001BEBD1 /* Base */ = {isa = PBXFileReference; lastKnownFileType = file.storyboard; name = Base; path = Base.lproj/Main.storyboard; sourceTree = "<group>"; };
		8EA2038D1F475DD9001BEBD1 /* Assets.xcassets */ = {isa = PBXFileReference; lastKnownFileType = folder.assetcatalog; path = Assets.xcassets; sourceTree = "<group>"; };
		8EA203901F475DD9001BEBD1 /* Base */ = {isa = PBXFileReference; lastKnownFileType = file.storyboard; name = Base; path = Base.lproj/LaunchScreen.storyboard; sourceTree = "<group>"; };
		8EA203921F475DD9001BEBD1 /* Info.plist */ = {isa = PBXFileReference; lastKnownFileType = text.plist.xml; path = Info.plist; sourceTree = "<group>"; };
		8EA203971F475DDA001BEBD1 /* ForTestingTests.xctest */ = {isa = PBXFileReference; explicitFileType = wrapper.cfbundle; includeInIndex = 0; path = ForTestingTests.xctest; sourceTree = BUILT_PRODUCTS_DIR; };
		8EA2039B1F475DDA001BEBD1 /* ForTestingTests.swift */ = {isa = PBXFileReference; lastKnownFileType = sourcecode.swift; path = ForTestingTests.swift; sourceTree = "<group>"; };
		8EA2039D1F475DDA001BEBD1 /* Info.plist */ = {isa = PBXFileReference; lastKnownFileType = text.plist.xml; path = Info.plist; sourceTree = "<group>"; };
		8EA203A21F475DDA001BEBD1 /* ForTestingUITests.xctest */ = {isa = PBXFileReference; explicitFileType = wrapper.cfbundle; includeInIndex = 0; path = ForTestingUITests.xctest; sourceTree = BUILT_PRODUCTS_DIR; };
		8EA203A61F475DDA001BEBD1 /* ForTestingUITests.swift */ = {isa = PBXFileReference; lastKnownFileType = sourcecode.swift; path = ForTestingUITests.swift; sourceTree = "<group>"; };
		8EA203A81F475DDA001BEBD1 /* Info.plist */ = {isa = PBXFileReference; lastKnownFileType = text.plist.xml; path = Info.plist; sourceTree = "<group>"; };
/* End PBXFileReference section */

/* Begin PBXFrameworksBuildPhase section */
		8EA203801F475DD9001BEBD1 /* Frameworks */ = {
			isa = PBXFrameworksBuildPhase;
			buildActionMask = 2147483647;
			files = (
			);
			runOnlyForDeploymentPostprocessing = 0;
		};
		8EA203941F475DDA001BEBD1 /* Frameworks */ = {
			isa = PBXFrameworksBuildPhase;
			buildActionMask = 2147483647;
			files = (
			);
			runOnlyForDeploymentPostprocessing = 0;
		};
		8EA2039F1F475DDA001BEBD1 /* Frameworks */ = {
			isa = PBXFrameworksBuildPhase;
			buildActionMask = 2147483647;
			files = (
			);
			runOnlyForDeploymentPostprocessing = 0;
		};
/* End PBXFrameworksBuildPhase section */

/* Begin PBXGroup section */
		8EA2037A1F475DD9001BEBD1 = {
			isa = PBXGroup;
			children = (
				8EA203851F475DD9001BEBD1 /* ForTesting */,
				8EA2039A1F475DDA001BEBD1 /* ForTestingTests */,
				8EA203A51F475DDA001BEBD1 /* ForTestingUITests */,
				8EA203841F475DD9001BEBD1 /* Products */,
			);
			sourceTree = "<group>";
		};
		8EA203841F475DD9001BEBD1 /* Products */ = {
			isa = PBXGroup;
			children = (
				8EA203831F475DD9001BEBD1 /* ForTesting.app */,
				8EA203971F475DDA001BEBD1 /* ForTestingTests.xctest */,
				8EA203A21F475DDA001BEBD1 /* ForTestingUITests.xctest */,
			);
			name = Products;
			sourceTree = "<group>";
		};
		8EA203851F475DD9001BEBD1 /* ForTesting */ = {
			isa = PBXGroup;
			children = (
				8EA203861F475DD9001BEBD1 /* AppDelegate.swift */,
				8EA203881F475DD9001BEBD1 /* ViewController.swift */,
				8EA2038A1F475DD9001BEBD1 /* Main.storyboard */,
				8EA2038D1F475DD9001BEBD1 /* Assets.xcassets */,
				8EA2038F1F475DD9001BEBD1 /* LaunchScreen.storyboard */,
				8EA203921F475DD9001BEBD1 /* Info.plist */,
			);
			path = ForTesting;
			sourceTree = "<group>";
		};
		8EA2039A1F475DDA001BEBD1 /* ForTestingTests */ = {
			isa = PBXGroup;
			children = (
				8EA2039B1F475DDA001BEBD1 /* ForTestingTests.swift */,
				8EA2039D1F475DDA001BEBD1 /* Info.plist */,
			);
			path = ForTestingTests;
			sourceTree = "<group>";
		};
		8EA203A51F475DDA001BEBD1 /* ForTestingUITests */ = {
			isa = PBXGroup;
			children = (
				8EA203A61F475DDA001BEBD1 /* ForTestingUITests.swift */,
				8EA203A81F475DDA001BEBD1 /* Info.plist */,
			);
			path = ForTestingUITests;
			sourceTree = "<group>";
		};
/* End PBXGroup section */

/* Begin PBXNativeTarget section */
		8EA203821F475DD9001BEBD1 /* ForTesting */ = {
			isa = PBXNativeTarget;
			buildConfigurationList = 8EA203AB1F475DDA001BEBD1 /* Build configuration list for PBXNativeTarget "ForTesting" */;
			buildPhases = (
				8EA2037F1F475DD9001BEBD1 /* Sources */,
				8EA203801F475DD9001BEBD1 /* Frameworks */,
				8EA203811F475DD9001BEBD1 /* Resources */,
			);
			buildRules = (
			);
			dependencies = (
			);
			name = ForTesting;
			productName = ForTesting;
			productReference = 8EA203831F475DD9001BEBD1 /* ForTesting.app */;
			productType = "com.apple.product-type.application";
		};
		8EA203961F475DDA001BEBD1 /* ForTestingTests */ = {
			isa = PBXNativeTarget;
			buildConfigurationList = 8EA203AE1F475DDA001BEBD1 /* Build configuration list for PBXNativeTarget "ForTestingTests" */;
			buildPhases = (
				8EA203931F475DDA001BEBD1 /* Sources */,
				8EA203941F475DDA001BEBD1 /* Frameworks */,
				8EA203951F475DDA001BEBD1 /* Resources */,
			);
			buildRules = (
			);
			dependencies = (
				8EA203991F475DDA001BEBD1 /* PBXTargetDependency */,
			);
			name = ForTestingTests;
			productName = ForTestingTests;
			productReference = 8EA203971F475DDA001BEBD1 /* ForTestingTests.xctest */;
			productType = "com.apple.product-type.bundle.unit-test";
		};
		8EA203A11F475DDA001BEBD1 /* ForTestingUITests */ = {
			isa = PBXNativeTarget;
			buildConfigurationList = 8EA203B11F475DDA001BEBD1 /* Build configuration list for PBXNativeTarget "ForTestingUITests" */;
			buildPhases = (
				8EA2039E1F475DDA001BEBD1 /* Sources */,
				8EA2039F1F475DDA001BEBD1 /* Frameworks */,
				8EA203A01F475DDA001BEBD1 /* Resources */,
			);
			buildRules = (
			);
			dependencies = (
				8EA203A41F475DDA001BEBD1 /* PBXTargetDependency */,
			);
			name = ForTestingUITests;
			productName = ForTestingUITests;
			productReference = 8EA203A21F475DDA001BEBD1 /* ForTestingUITests.xctest */;
			productType = "com.apple.product-type.bundle.ui-testing";
		};
/* End PBXNativeTarget section */

/* Begin PBXProject section */
		8EA2037B1F475DD9001BEBD1 /* Project object */ = {
			isa = PBXProject;
			attributes = {
				LastSwiftUpdateCheck = 0830;
				LastUpgradeCheck = 0830;
				ORGANIZATIONNAME = "Normand Martin";
				TargetAttributes = {
					8EA203821F475DD9001BEBD1 = {
						CreatedOnToolsVersion = 8.3.3;
						DevelopmentTeam = X6D769Z7F4;
						ProvisioningStyle = Automatic;
					};
					8EA203961F475DDA001BEBD1 = {
						CreatedOnToolsVersion = 8.3.3;
						DevelopmentTeam = X6D769Z7F4;
						ProvisioningStyle = Automatic;
						TestTargetID = 8EA203821F475DD9001BEBD1;
					};
					8EA203A11F475DDA001BEBD1 = {
						CreatedOnToolsVersion = 8.3.3;
						DevelopmentTeam = X6D769Z7F4;
						ProvisioningStyle = Automatic;
						TestTargetID = 8EA203821F475DD9001BEBD1;
					};
				};
			};
			buildConfigurationList = 8EA2037E1F475DD9001BEBD1 /* Build configuration list for PBXProject "ForTesting" */;
			compatibilityVersion = "Xcode 3.2";
			developmentRegion = English;
			hasScannedForEncodings = 0;
			knownRegions = (
				en,
				Base,
			);
			mainGroup = 8EA2037A1F475DD9001BEBD1;
			productRefGroup = 8EA203841F475DD9001BEBD1 /* Products */;
			projectDirPath = "";
			projectRoot = "";
			targets = (
				8EA203821F475DD9001BEBD1 /* ForTesting */,
				8EA203961F475DDA001BEBD1 /* ForTestingTests */,
				8EA203A11F475DDA001BEBD1 /* ForTestingUITests */,
			);
		};
/* End PBXProject section */

/* Begin PBXResourcesBuildPhase section */
		8EA203811F475DD9001BEBD1 /* Resources */ = {
			isa = PBXResourcesBuildPhase;
			buildActionMask = 2147483647;
			files = (
				8EA203911F475DD9001BEBD1 /* LaunchScreen.storyboard in Resources */,
				8EA2038E1F475DD9001BEBD1 /* Assets.xcassets in Resources */,
				8EA2038C1F475DD9001BEBD1 /* Main.storyboard in Resources */,
			);
			runOnlyForDeploymentPostprocessing = 0;
		};
		8EA203951F475DDA001BEBD1 /* Resources */ = {
			isa = PBXResourcesBuildPhase;
			buildActionMask = 2147483647;
			files = (
			);
			runOnlyForDeploymentPostprocessing = 0;
		};
		8EA203A01F475DDA001BEBD1 /* Resources */ = {
			isa = PBXResourcesBuildPhase;
			buildActionMask = 2147483647;
			files = (
			);
			runOnlyForDeploymentPostprocessing = 0;
		};
/* End PBXResourcesBuildPhase section */

/* Begin PBXSourcesBuildPhase section */
		8EA2037F1F475DD9001BEBD1 /* Sources */ = {
			isa = PBXSourcesBuildPhase;
			buildActionMask = 2147483647;
			files = (
				8EA203891F475DD9001BEBD1 /* ViewController.swift in Sources */,
				8EA203871F475DD9001BEBD1 /* AppDelegate.swift in Sources */,
			);
			runOnlyForDeploymentPostprocessing = 0;
		};
		8EA203931F475DDA001BEBD1 /* Sources */ = {
			isa = PBXSourcesBuildPhase;
			buildActionMask = 2147483647;
			files = (
				8EA2039C1F475DDA001BEBD1 /* ForTestingTests.swift in Sources */,
			);
			runOnlyForDeploymentPostprocessing = 0;
		};
		8EA2039E1F475DDA001BEBD1 /* Sources */ = {
			isa = PBXSourcesBuildPhase;
			buildActionMask = 2147483647;
			files = (
				8EA203A71F475DDA001BEBD1 /* ForTestingUITests.swift in Sources */,
			);
			runOnlyForDeploymentPostprocessing = 0;
		};
/* End PBXSourcesBuildPhase section */

/* Begin PBXTargetDependency section */
		8EA203991F475DDA001BEBD1 /* PBXTargetDependency */ = {
			isa = PBXTargetDependency;
			target = 8EA203821F475DD9001BEBD1 /* ForTesting */;
			targetProxy = 8EA203981F475DDA001BEBD1 /* PBXContainerItemProxy */;
		};
		8EA203A41F475DDA001BEBD1 /* PBXTargetDependency */ = {
			isa = PBXTargetDependency;
			target = 8EA203821F475DD9001BEBD1 /* ForTesting */;
			targetProxy = 8EA203A31F475DDA001BEBD1 /* PBXContainerItemProxy */;
		};
/* End PBXTargetDependency section */

/* Begin PBXVariantGroup section */
		8EA2038A1F475DD9001BEBD1 /* Main.storyboard */ = {
			isa = PBXVariantGroup;
			children = (
				8EA2038B1F475DD9001BEBD1 /* Base */,
			);
			name = Main.storyboard;
			sourceTree = "<group>";
		};
		8EA2038F1F475DD9001BEBD1 /* LaunchScreen.storyboard */ = {
			isa = PBXVariantGroup;
			children = (
				8EA203901F475DD9001BEBD1 /* Base */,
			);
			name = LaunchScreen.storyboard;
			sourceTree = "<group>";
		};
/* End PBXVariantGroup section */

/* Begin XCBuildConfiguration section */
		8EA203A91F475DDA001BEBD1 /* Debug */ = {
			isa = XCBuildConfiguration;
			buildSettings = {
				ALWAYS_SEARCH_USER_PATHS = NO;
				CLANG_ANALYZER_NONNULL = YES;
				CLANG_ANALYZER_NUMBER_OBJECT_CONVERSION = YES_AGGRESSIVE;
				CLANG_CXX_LANGUAGE_STANDARD = "gnu++0x";
				CLANG_CXX_LIBRARY = "libc++";
				CLANG_ENABLE_MODULES = YES;
				CLANG_ENABLE_OBJC_ARC = YES;
				CLANG_WARN_BOOL_CONVERSION = YES;
				CLANG_WARN_CONSTANT_CONVERSION = YES;
				CLANG_WARN_DIRECT_OBJC_ISA_USAGE = YES_ERROR;
				CLANG_WARN_DOCUMENTATION_COMMENTS = YES;
				CLANG_WARN_EMPTY_BODY = YES;
				CLANG_WARN_ENUM_CONVERSION = YES;
				CLANG_WARN_INFINITE_RECURSION = YES;
				CLANG_WARN_INT_CONVERSION = YES;
				CLANG_WARN_OBJC_ROOT_CLASS = YES_ERROR;
				CLANG_WARN_SUSPICIOUS_MOVE = YES;
				CLANG_WARN_UNREACHABLE_CODE = YES;
				CLANG_WARN__DUPLICATE_METHOD_MATCH = YES;
				"CODE_SIGN_IDENTITY[sdk=iphoneos*]" = "iPhone Developer";
				COPY_PHASE_STRIP = NO;
				DEBUG_INFORMATION_FORMAT = dwarf;
				ENABLE_STRICT_OBJC_MSGSEND = YES;
				ENABLE_TESTABILITY = YES;
				GCC_C_LANGUAGE_STANDARD = gnu99;
				GCC_DYNAMIC_NO_PIC = NO;
				GCC_NO_COMMON_BLOCKS = YES;
				GCC_OPTIMIZATION_LEVEL = 0;
				GCC_PREPROCESSOR_DEFINITIONS = (
					"DEBUG=1",
					"$(inherited)",
				);
				GCC_WARN_64_TO_32_BIT_CONVERSION = YES;
				GCC_WARN_ABOUT_RETURN_TYPE = YES_ERROR;
				GCC_WARN_UNDECLARED_SELECTOR = YES;
				GCC_WARN_UNINITIALIZED_AUTOS = YES_AGGRESSIVE;
				GCC_WARN_UNUSED_FUNCTION = YES;
				GCC_WARN_UNUSED_VARIABLE = YES;
				IPHONEOS_DEPLOYMENT_TARGET = 10.3;
				MTL_ENABLE_DEBUG_INFO = YES;
				ONLY_ACTIVE_ARCH = YES;
				SDKROOT = iphoneos;
				SWIFT_ACTIVE_COMPILATION_CONDITIONS = DEBUG;
				SWIFT_OPTIMIZATION_LEVEL = "-Onone";
				TARGETED_DEVICE_FAMILY = "1,2";
			};
			name = Debug;
		};
		8EA203AA1F475DDA001BEBD1 /* Release */ = {
			isa = XCBuildConfiguration;
			buildSettings = {
				ALWAYS_SEARCH_USER_PATHS = NO;
				CLANG_ANALYZER_NONNULL = YES;
				CLANG_ANALYZER_NUMBER_OBJECT_CONVERSION = YES_AGGRESSIVE;
				CLANG_CXX_LANGUAGE_STANDARD = "gnu++0x";
				CLANG_CXX_LIBRARY = "libc++";
				CLANG_ENABLE_MODULES = YES;
				CLANG_ENABLE_OBJC_ARC = YES;
				CLANG_WARN_BOOL_CONVERSION = YES;
				CLANG_WARN_CONSTANT_CONVERSION = YES;
				CLANG_WARN_DIRECT_OBJC_ISA_USAGE = YES_ERROR;
				CLANG_WARN_DOCUMENTATION_COMMENTS = YES;
				CLANG_WARN_EMPTY_BODY = YES;
				CLANG_WARN_ENUM_CONVERSION = YES;
				CLANG_WARN_INFINITE_RECURSION = YES;
				CLANG_WARN_INT_CONVERSION = YES;
				CLANG_WARN_OBJC_ROOT_CLASS = YES_ERROR;
				CLANG_WARN_SUSPICIOUS_MOVE = YES;
				CLANG_WARN_UNREACHABLE_CODE = YES;
				CLANG_WARN__DUPLICATE_METHOD_MATCH = YES;
				"CODE_SIGN_IDENTITY[sdk=iphoneos*]" = "iPhone Developer";
				COPY_PHASE_STRIP = NO;
				DEBUG_INFORMATION_FORMAT = "dwarf-with-dsym";
				ENABLE_NS_ASSERTIONS = NO;
				ENABLE_STRICT_OBJC_MSGSEND = YES;
				GCC_C_LANGUAGE_STANDARD = gnu99;
				GCC_NO_COMMON_BLOCKS = YES;
				GCC_WARN_64_TO_32_BIT_CONVERSION = YES;
				GCC_WARN_ABOUT_RETURN_TYPE = YES_ERROR;
				GCC_WARN_UNDECLARED_SELECTOR = YES;
				GCC_WARN_UNINITIALIZED_AUTOS = YES_AGGRESSIVE;
				GCC_WARN_UNUSED_FUNCTION = YES;
				GCC_WARN_UNUSED_VARIABLE = YES;
				IPHONEOS_DEPLOYMENT_TARGET = 10.3;
				MTL_ENABLE_DEBUG_INFO = NO;
				SDKROOT = iphoneos;
				SWIFT_OPTIMIZATION_LEVEL = "-Owholemodule";
				TARGETED_DEVICE_FAMILY = "1,2";
				VALIDATE_PRODUCT = YES;
			};
			name = Release;
		};
		8EA203AC1F475DDA001BEBD1 /* Debug */ = {
			isa = XCBuildConfiguration;
			buildSettings = {
				ASSETCATALOG_COMPILER_APPICON_NAME = AppIcon;
				DEVELOPMENT_TEAM = X6D769Z7F4;
				INFOPLIST_FILE = ForTesting/Info.plist;
				LD_RUNPATH_SEARCH_PATHS = "$(inherited) @executable_path/Frameworks";
				PRODUCT_BUNDLE_IDENTIFIER = NM.ForTesting;
				PRODUCT_NAME = "$(TARGET_NAME)";
				SWIFT_VERSION = 3.0;
			};
			name = Debug;
		};
		8EA203AD1F475DDA001BEBD1 /* Release */ = {
			isa = XCBuildConfiguration;
			buildSettings = {
				ASSETCATALOG_COMPILER_APPICON_NAME = AppIcon;
				DEVELOPMENT_TEAM = X6D769Z7F4;
				INFOPLIST_FILE = ForTesting/Info.plist;
				LD_RUNPATH_SEARCH_PATHS = "$(inherited) @executable_path/Frameworks";
				PRODUCT_BUNDLE_IDENTIFIER = NM.ForTesting;
				PRODUCT_NAME = "$(TARGET_NAME)";
				SWIFT_VERSION = 3.0;
			};
			name = Release;
		};
		8EA203AF1F475DDA001BEBD1 /* Debug */ = {
			isa = XCBuildConfiguration;
			buildSettings = {
				ALWAYS_EMBED_SWIFT_STANDARD_LIBRARIES = YES;
				BUNDLE_LOADER = "$(TEST_HOST)";
				DEVELOPMENT_TEAM = X6D769Z7F4;
				INFOPLIST_FILE = ForTestingTests/Info.plist;
				LD_RUNPATH_SEARCH_PATHS = "$(inherited) @executable_path/Frameworks @loader_path/Frameworks";
				PRODUCT_BUNDLE_IDENTIFIER = NM.ForTestingTests;
				PRODUCT_NAME = "$(TARGET_NAME)";
				SWIFT_VERSION = 3.0;
				TEST_HOST = "$(BUILT_PRODUCTS_DIR)/ForTesting.app/ForTesting";
			};
			name = Debug;
		};
		8EA203B01F475DDA001BEBD1 /* Release */ = {
			isa = XCBuildConfiguration;
			buildSettings = {
				ALWAYS_EMBED_SWIFT_STANDARD_LIBRARIES = YES;
				BUNDLE_LOADER = "$(TEST_HOST)";
				DEVELOPMENT_TEAM = X6D769Z7F4;
				INFOPLIST_FILE = ForTestingTests/Info.plist;
				LD_RUNPATH_SEARCH_PATHS = "$(inherited) @executable_path/Frameworks @loader_path/Frameworks";
				PRODUCT_BUNDLE_IDENTIFIER = NM.ForTestingTests;
				PRODUCT_NAME = "$(TARGET_NAME)";
				SWIFT_VERSION = 3.0;
				TEST_HOST = "$(BUILT_PRODUCTS_DIR)/ForTesting.app/ForTesting";
			};
			name = Release;
		};
		8EA203B21F475DDA001BEBD1 /* Debug */ = {
			isa = XCBuildConfiguration;
			buildSettings = {
				ALWAYS_EMBED_SWIFT_STANDARD_LIBRARIES = YES;
				DEVELOPMENT_TEAM = X6D769Z7F4;
				INFOPLIST_FILE = ForTestingUITests/Info.plist;
				LD_RUNPATH_SEARCH_PATHS = "$(inherited) @executable_path/Frameworks @loader_path/Frameworks";
				PRODUCT_BUNDLE_IDENTIFIER = NM.ForTestingUITests;
				PRODUCT_NAME = "$(TARGET_NAME)";
				SWIFT_VERSION = 3.0;
				TEST_TARGET_NAME = ForTesting;
			};
			name = Debug;
		};
		8EA203B31F475DDA001BEBD1 /* Release */ = {
			isa = XCBuildConfiguration;
			buildSettings = {
				ALWAYS_EMBED_SWIFT_STANDARD_LIBRARIES = YES;
				DEVELOPMENT_TEAM = X6D769Z7F4;
				INFOPLIST_FILE = ForTestingUITests/Info.plist;
				LD_RUNPATH_SEARCH_PATHS = "$(inherited) @executable_path/Frameworks @loader_path/Frameworks";
				PRODUCT_BUNDLE_IDENTIFIER = NM.ForTestingUITests;
				PRODUCT_NAME = "$(TARGET_NAME)";
				SWIFT_VERSION = 3.0;
				TEST_TARGET_NAME = ForTesting;
			};
			name = Release;
		};
/* End XCBuildConfiguration section */

/* Begin XCConfigurationList section */
		8EA2037E1F475DD9001BEBD1 /* Build configuration list for PBXProject "ForTesting" */ = {
			isa = XCConfigurationList;
			buildConfigurations = (
				8EA203A91F475DDA001BEBD1 /* Debug */,
				8EA203AA1F475DDA001BEBD1 /* Release */,
			);
			defaultConfigurationIsVisible = 0;
			defaultConfigurationName = Release;
		};
		8EA203AB1F475DDA001BEBD1 /* Build configuration list for PBXNativeTarget "ForTesting" */ = {
			isa = XCConfigurationList;
			buildConfigurations = (
				8EA203AC1F475DDA001BEBD1 /* Debug */,
				8EA203AD1F475DDA001BEBD1 /* Release */,
			);
			defaultConfigurationIsVisible = 0;
		};
		8EA203AE1F475DDA001BEBD1 /* Build configuration list for PBXNativeTarget "ForTestingTests" */ = {
			isa = XCConfigurationList;
			buildConfigurations = (
				8EA203AF1F475DDA001BEBD1 /* Debug */,
				8EA203B01F475DDA001BEBD1 /* Release */,
			);
			defaultConfigurationIsVisible = 0;
		};
		8EA203B11F475DDA001BEBD1 /* Build configuration list for PBXNativeTarget "ForTestingUITests" */ = {
			isa = XCConfigurationList;
			buildConfigurations = (
				8EA203B21F475DDA001BEBD1 /* Debug */,
				8EA203B31F475DDA001BEBD1 /* Release */,
			);
			defaultConfigurationIsVisible = 0;
		};
/* End XCConfigurationList section */
	};
	rootObject = 8EA2037B1F475DD9001BEBD1 /* Project object */;
}
